{
  "name": "aqovia-vscode-extension-pack",
  "version": "1.3.28",
  "lockfileVersion": 2,
  "requires": true,
  "packages": {
    "": {
      "name": "aqovia-vscode-extension-pack",
      "version": "1.3.28",
      "license": "SEE LICENSE IN LICENSE.txt",
      "engines": {
        "vscode": "^1.80.0"
      }
    }
  }
}
