{
  "name": "aqovia-vscode-extension-pack",
  "version": "1.3.44",
  "lockfileVersion": 2,
  "requires": true,
  "packages": {
    "": {
      "name": "aqovia-vscode-extension-pack",
      "version": "1.3.44",
      "license": "MIT",
      "engines": {
        "vscode": "^1.80.0"
      }
    }
  }
}
